
Microsoft Visual Studio Solution File, Format Version 12.00
# Visual Studio Version 17
VisualStudioVersion = 17.13.35818.85 d17.13
MinimumVisualStudioVersion = 10.0.40219.1
Project("{FAE04EC0-301F-11D3-BF4B-00C04F79EFBC}") = "Zadanie 4", "Zadanie 4\Zadanie 4.csproj", "{AE84C63A-A22D-4716-91EA-9F7ED575CC4B}"
EndProject
Project("{FAE04EC0-301F-11D3-BF4B-00C04F79EFBC}") = "Zadanie 5", "Zadanie 5\Zadanie 5.csproj", "{527E409A-98DD-4935-AE06-F9F11DA29069}"
EndProject
Project("{FAE04EC0-301F-11D3-BF4B-00C04F79EFBC}") = "Zadanie 6", "Zadanie 6\Zadanie 6.csproj", "{9D9B82CC-5902-431C-B25F-8BAC541272CD}"
EndProject
Global
	GlobalSection(SolutionConfigurationPlatforms) = preSolution
		Debug|Any CPU = Debug|Any CPU
		Release|Any CPU = Release|Any CPU
	EndGlobalSection
	GlobalSection(ProjectConfigurationPlatforms) = postSolution
		{AE84C63A-A22D-4716-91EA-9F7ED575CC4B}.Debug|Any CPU.ActiveCfg = Debug|Any CPU
		{AE84C63A-A22D-4716-91EA-9F7ED575CC4B}.Debug|Any CPU.Build.0 = Debug|Any CPU
		{AE84C63A-A22D-4716-91EA-9F7ED575CC4B}.Release|Any CPU.ActiveCfg = Release|Any CPU
		{AE84C63A-A22D-4716-91EA-9F7ED575CC4B}.Release|Any CPU.Build.0 = Release|Any CPU
		{527E409A-98DD-4935-AE06-F9F11DA29069}.Debug|Any CPU.ActiveCfg = Debug|Any CPU
		{527E409A-98DD-4935-AE06-F9F11DA29069}.Debug|Any CPU.Build.0 = Debug|Any CPU
		{527E409A-98DD-4935-AE06-F9F11DA29069}.Release|Any CPU.ActiveCfg = Release|Any CPU
		{527E409A-98DD-4935-AE06-F9F11DA29069}.Release|Any CPU.Build.0 = Release|Any CPU
		{9D9B82CC-5902-431C-B25F-8BAC541272CD}.Debug|Any CPU.ActiveCfg = Debug|Any CPU
		{9D9B82CC-5902-431C-B25F-8BAC541272CD}.Debug|Any CPU.Build.0 = Debug|Any CPU
		{9D9B82CC-5902-431C-B25F-8BAC541272CD}.Release|Any CPU.ActiveCfg = Release|Any CPU
		{9D9B82CC-5902-431C-B25F-8BAC541272CD}.Release|Any CPU.Build.0 = Release|Any CPU
	EndGlobalSection
	GlobalSection(SolutionProperties) = preSolution
		HideSolutionNode = FALSE
	EndGlobalSection
	GlobalSection(ExtensibilityGlobals) = postSolution
		SolutionGuid = {89681BE4-6007-4714-BF53-2654BCA6261F}
	EndGlobalSection
EndGlobal
